
Microsoft Visual Studio Solution File, Format Version 12.00
# Visual Studio Version 17
VisualStudioVersion = 17.9.34714.143
MinimumVisualStudioVersion = 10.0.40219.1
Project("{9A19103F-16F7-4668-BE54-9A1E7A4F7556}") = "CantTakeMyHearts", "CantTakeMyHearts.csproj", "{7083E67A-09C9-4FC9-9D8A-24F370F1CF27}"
EndProject
Global
	GlobalSection(SolutionConfigurationPlatforms) = preSolution
		Debug|Any CPU = Debug|Any CPU
		Release|Any CPU = Release|Any CPU
	EndGlobalSection
	GlobalSection(ProjectConfigurationPlatforms) = postSolution
		{7083E67A-09C9-4FC9-9D8A-24F370F1CF27}.Debug|Any CPU.ActiveCfg = Debug|Any CPU
		{7083E67A-09C9-4FC9-9D8A-24F370F1CF27}.Debug|Any CPU.Build.0 = Debug|Any CPU
		{7083E67A-09C9-4FC9-9D8A-24F370F1CF27}.Release|Any CPU.ActiveCfg = Release|Any CPU
		{7083E67A-09C9-4FC9-9D8A-24F370F1CF27}.Release|Any CPU.Build.0 = Release|Any CPU
	EndGlobalSection
	GlobalSection(SolutionProperties) = preSolution
		HideSolutionNode = FALSE
	EndGlobalSection
	GlobalSection(ExtensibilityGlobals) = postSolution
		SolutionGuid = {4F894CA9-4261-4F13-97A9-CF877DC721CE}
	EndGlobalSection
EndGlobal
